
Microsoft Visual Studio Solution File, Format Version 12.00
# Visual Studio Version 16
VisualStudioVersion = 16.0.31321.278
MinimumVisualStudioVersion = 10.0.40219.1
Project("{FAE04EC0-301F-11D3-BF4B-00C04F79EFBC}") = "Restaurant", "Restaurant.csproj", "{74DCC40D-A4ED-4F98-8235-5944E25C3804}"
EndProject
Global
	GlobalSection(SolutionConfigurationPlatforms) = preSolution
		Debug|Any CPU = Debug|Any CPU
		Release|Any CPU = Release|Any CPU
	EndGlobalSection
	GlobalSection(ProjectConfigurationPlatforms) = postSolution
		{74DCC40D-A4ED-4F98-8235-5944E25C3804}.Debug|Any CPU.ActiveCfg = Debug|Any CPU
		{74DCC40D-A4ED-4F98-8235-5944E25C3804}.Debug|Any CPU.Build.0 = Debug|Any CPU
		{74DCC40D-A4ED-4F98-8235-5944E25C3804}.Release|Any CPU.ActiveCfg = Release|Any CPU
		{74DCC40D-A4ED-4F98-8235-5944E25C3804}.Release|Any CPU.Build.0 = Release|Any CPU
	EndGlobalSection
	GlobalSection(SolutionProperties) = preSolution
		HideSolutionNode = FALSE
	EndGlobalSection
	GlobalSection(ExtensibilityGlobals) = postSolution
		SolutionGuid = {1D2DE228-C2F8-4997-9692-E112D97B74DD}
	EndGlobalSection
EndGlobal
